
Microsoft Visual Studio Solution File, Format Version 12.00
# Visual Studio 15
VisualStudioVersion = 15.0.27130.2010
MinimumVisualStudioVersion = 10.0.40219.1
Project("{FAE04EC0-301F-11D3-BF4B-00C04F79EFBC}") = "MouseClicker", "MouseClicker\MouseClicker.csproj", "{FEEEA938-53B5-40D2-85DE-A1F7AD66CBDB}"
EndProject
Global
	GlobalSection(SolutionConfigurationPlatforms) = preSolution
		Debug|Any CPU = Debug|Any CPU
		Release|Any CPU = Release|Any CPU
	EndGlobalSection
	GlobalSection(ProjectConfigurationPlatforms) = postSolution
		{FEEEA938-53B5-40D2-85DE-A1F7AD66CBDB}.Debug|Any CPU.ActiveCfg = Debug|Any CPU
		{FEEEA938-53B5-40D2-85DE-A1F7AD66CBDB}.Debug|Any CPU.Build.0 = Debug|Any CPU
		{FEEEA938-53B5-40D2-85DE-A1F7AD66CBDB}.Release|Any CPU.ActiveCfg = Release|Any CPU
		{FEEEA938-53B5-40D2-85DE-A1F7AD66CBDB}.Release|Any CPU.Build.0 = Release|Any CPU
	EndGlobalSection
	GlobalSection(SolutionProperties) = preSolution
		HideSolutionNode = FALSE
	EndGlobalSection
	GlobalSection(ExtensibilityGlobals) = postSolution
		SolutionGuid = {0200DFB0-04BC-40DA-8BE2-BB134449971C}
	EndGlobalSection
EndGlobal
